
Microsoft Visual Studio Solution File, Format Version 12.00
# Visual Studio Version 16
VisualStudioVersion = 16.0.29905.134
MinimumVisualStudioVersion = 10.0.40219.1
Project("{FAE04EC0-301F-11D3-BF4B-00C04F79EFBC}") = "COVID-19", "COVID-19.csproj", "{4EF6EA15-157A-49ED-88CA-A731066F3378}"
EndProject
Global
	GlobalSection(SolutionConfigurationPlatforms) = preSolution
		Debug|Any CPU = Debug|Any CPU
		Release|Any CPU = Release|Any CPU
	EndGlobalSection
	GlobalSection(ProjectConfigurationPlatforms) = postSolution
		{4EF6EA15-157A-49ED-88CA-A731066F3378}.Debug|Any CPU.ActiveCfg = Debug|Any CPU
		{4EF6EA15-157A-49ED-88CA-A731066F3378}.Debug|Any CPU.Build.0 = Debug|Any CPU
		{4EF6EA15-157A-49ED-88CA-A731066F3378}.Release|Any CPU.ActiveCfg = Release|Any CPU
		{4EF6EA15-157A-49ED-88CA-A731066F3378}.Release|Any CPU.Build.0 = Release|Any CPU
	EndGlobalSection
	GlobalSection(SolutionProperties) = preSolution
		HideSolutionNode = FALSE
	EndGlobalSection
	GlobalSection(ExtensibilityGlobals) = postSolution
		SolutionGuid = {0DB7AEB2-B3C9-420C-B08E-28AA6E41BEA4}
	EndGlobalSection
EndGlobal
